
Microsoft Visual Studio Solution File, Format Version 12.00
# Visual Studio Version 17
VisualStudioVersion = 17.3.32825.248
MinimumVisualStudioVersion = 10.0.40219.1
Project("{FAE04EC0-301F-11D3-BF4B-00C04F79EFBC}") = "beecrowd-csharp", "beecrowd-csharp\beecrowd-csharp.csproj", "{87B5D9EE-14C3-42EC-9E64-D2873F292F4F}"
EndProject
Global
	GlobalSection(SolutionConfigurationPlatforms) = preSolution
		Debug|Any CPU = Debug|Any CPU
		Release|Any CPU = Release|Any CPU
	EndGlobalSection
	GlobalSection(ProjectConfigurationPlatforms) = postSolution
		{87B5D9EE-14C3-42EC-9E64-D2873F292F4F}.Debug|Any CPU.ActiveCfg = Debug|Any CPU
		{87B5D9EE-14C3-42EC-9E64-D2873F292F4F}.Debug|Any CPU.Build.0 = Debug|Any CPU
		{87B5D9EE-14C3-42EC-9E64-D2873F292F4F}.Release|Any CPU.ActiveCfg = Release|Any CPU
		{87B5D9EE-14C3-42EC-9E64-D2873F292F4F}.Release|Any CPU.Build.0 = Release|Any CPU
	EndGlobalSection
	GlobalSection(SolutionProperties) = preSolution
		HideSolutionNode = FALSE
	EndGlobalSection
	GlobalSection(ExtensibilityGlobals) = postSolution
		SolutionGuid = {3B67C7F7-5FD7-4FEC-B5B4-07C4F6333889}
	EndGlobalSection
EndGlobal
